<?xml version="1.0" encoding="utf-8"?>
<Project ToolsVersion="4.0" xmlns="http://schemas.microsoft.com/developer/msbuild/2003">
  <ItemGroup>
    <Filter Include="Source Files">
      <UniqueIdentifier>{4FC737F1-C7A5-4376-A066-2A32D752A2FF}</UniqueIdentifier>
      <Extensions>cpp;c;cc;cxx;def;odl;idl;hpj;bat;asm;asmx</Extensions>
    </Filter>
    <Filter Include="Header Files">
      <UniqueIdentifier>{93995380-89BD-4b04-88EB-625FBE52EBFB}</UniqueIdentifier>
      <Extensions>h;hh;hpp;hxx;hm;inl;inc;xsd</Extensions>
    </Filter>
    <Filter Include="Resource Files">
      <UniqueIdentifier>{D9D6E242-F8AF-46E4-B9FD-80ECBC20BA3E}</UniqueIdentifier>
      <Extensions>qrc;*</Extensions>
      <ParseFiles>false</ParseFiles>
    </Filter>
    <Filter Include="Form Files">
      <UniqueIdentifier>{99349809-55BA-4b9d-BF79-8FDBB0286EB3}</UniqueIdentifier>
      <Extensions>ui</Extensions>
    </Filter>
    <Filter Include="Resource Files">
      <UniqueIdentifier>{D9D6E242-F8AF-46E4-B9FD-80ECBC20BA3E}</UniqueIdentifier>
      <Extensions>qrc;*</Extensions>
      <ParseFiles>false</ParseFiles>
    </Filter>
    <Filter Include="net_connector">
      <UniqueIdentifier>{be0d05eb-a68a-42c2-8911-94382dfc6690}</UniqueIdentifier>
    </Filter>
  </ItemGroup>
  <ItemGroup>
    <ClCompile Include="main.cpp">
      <Filter>Source Files</Filter>
    </ClCompile>
    <ClCompile Include="net_connector_caller.cpp">
      <Filter>Source Files</Filter>
    </ClCompile>
    <ClCompile Include="..\net_connector\public\protocol\internet_protocol_packet.cpp">
      <Filter>net_connector</Filter>
    </ClCompile>
    <ClCompile Include="..\net_connector\public\json\cJSON.c">
      <Filter>net_connector</Filter>
    </ClCompile>
    <ClCompile Include="..\net_connector\public\json\CJsonObject.cpp">
      <Filter>net_connector</Filter>
    </ClCompile>
  </ItemGroup>
  <ItemGroup>
    <QtMoc Include="net_connector_caller.h">
      <Filter>Header Files</Filter>
    </QtMoc>
  </ItemGroup>
  <ItemGroup>
    <QtUic Include="net_connector_caller.ui">
      <Filter>Form Files</Filter>
    </QtUic>
  </ItemGroup>
  <ItemGroup>
    <QtRcc Include="net_connector_caller.qrc">
      <Filter>Resource Files</Filter>
    </QtRcc>
  </ItemGroup>
  <ItemGroup>
    <ClInclude Include="..\net_connector\public\protocol\internet_protocol_packet.h">
      <Filter>net_connector</Filter>
    </ClInclude>
    <ClInclude Include="..\net_connector\public\json\cJSON.h">
      <Filter>net_connector</Filter>
    </ClInclude>
    <ClInclude Include="..\net_connector\public\json\CJsonObject.hpp">
      <Filter>net_connector</Filter>
    </ClInclude>
    <ClInclude Include="..\net_connector\net_connector_define.h">
      <Filter>net_connector</Filter>
    </ClInclude>
    <ClInclude Include="..\net_connector\net_connector_global.h">
      <Filter>net_connector</Filter>
    </ClInclude>
  </ItemGroup>
</Project>